
Microsoft Visual Studio Solution File, Format Version 12.00
# Visual Studio Version 16
VisualStudioVersion = 16.0.31729.503
MinimumVisualStudioVersion = 10.0.40219.1
Project("{FAE04EC0-301F-11D3-BF4B-00C04F79EFBC}") = "MpKurs1", "MpKurs1.csproj", "{4F4528F4-ED75-4695-B880-4AD037A2F375}"
EndProject
Project("{FAE04EC0-301F-11D3-BF4B-00C04F79EFBC}") = "UnitTestProject2", "..\UnitTestProject2\UnitTestProject2.csproj", "{2EE55DAA-81C6-4AE5-859B-93658424AD3B}"
EndProject
Global
	GlobalSection(SolutionConfigurationPlatforms) = preSolution
		Debug|Any CPU = Debug|Any CPU
		Debug|x86 = Debug|x86
		Release|Any CPU = Release|Any CPU
		Release|x86 = Release|x86
	EndGlobalSection
	GlobalSection(ProjectConfigurationPlatforms) = postSolution
		{4F4528F4-ED75-4695-B880-4AD037A2F375}.Debug|Any CPU.ActiveCfg = Debug|Any CPU
		{4F4528F4-ED75-4695-B880-4AD037A2F375}.Debug|Any CPU.Build.0 = Debug|Any CPU
		{4F4528F4-ED75-4695-B880-4AD037A2F375}.Debug|x86.ActiveCfg = Debug|x86
		{4F4528F4-ED75-4695-B880-4AD037A2F375}.Debug|x86.Build.0 = Debug|x86
		{4F4528F4-ED75-4695-B880-4AD037A2F375}.Release|Any CPU.ActiveCfg = Release|Any CPU
		{4F4528F4-ED75-4695-B880-4AD037A2F375}.Release|Any CPU.Build.0 = Release|Any CPU
		{4F4528F4-ED75-4695-B880-4AD037A2F375}.Release|x86.ActiveCfg = Release|x86
		{4F4528F4-ED75-4695-B880-4AD037A2F375}.Release|x86.Build.0 = Release|x86
		{2EE55DAA-81C6-4AE5-859B-93658424AD3B}.Debug|Any CPU.ActiveCfg = Debug|Any CPU
		{2EE55DAA-81C6-4AE5-859B-93658424AD3B}.Debug|Any CPU.Build.0 = Debug|Any CPU
		{2EE55DAA-81C6-4AE5-859B-93658424AD3B}.Debug|x86.ActiveCfg = Debug|Any CPU
		{2EE55DAA-81C6-4AE5-859B-93658424AD3B}.Debug|x86.Build.0 = Debug|Any CPU
		{2EE55DAA-81C6-4AE5-859B-93658424AD3B}.Release|Any CPU.ActiveCfg = Release|Any CPU
		{2EE55DAA-81C6-4AE5-859B-93658424AD3B}.Release|Any CPU.Build.0 = Release|Any CPU
		{2EE55DAA-81C6-4AE5-859B-93658424AD3B}.Release|x86.ActiveCfg = Release|Any CPU
		{2EE55DAA-81C6-4AE5-859B-93658424AD3B}.Release|x86.Build.0 = Release|Any CPU
	EndGlobalSection
	GlobalSection(SolutionProperties) = preSolution
		HideSolutionNode = FALSE
	EndGlobalSection
	GlobalSection(ExtensibilityGlobals) = postSolution
		SolutionGuid = {F1D2657D-E4EF-43CD-8359-6556B4155694}
	EndGlobalSection
EndGlobal
